<?xml version="1.0" encoding="utf-8"?>
<Project ToolsVersion="4.0" xmlns="http://schemas.microsoft.com/developer/msbuild/2003">
  <ItemGroup>
    <Filter Include="Source">
      <UniqueIdentifier>{56EB95D1-428D-C0A7-2B48-D4FB178947F8}</UniqueIdentifier>
    </Filter>
  </ItemGroup>
  <ItemGroup>
    <ClInclude Include="Source\Core\Application\Layer.h">
      <Filter>Source</Filter>
    </ClInclude>
    <ClInclude Include="Source\Core\Application\Root.h">
      <Filter>Source</Filter>
    </ClInclude>
    <ClInclude Include="Source\Core\Application\Window.h">
      <Filter>Source</Filter>
    </ClInclude>
    <ClInclude Include="Source\Core\Input\InputCommon.h">
      <Filter>Source</Filter>
    </ClInclude>
    <ClInclude Include="Source\Core\Input\InputSystem.h">
      <Filter>Source</Filter>
    </ClInclude>
    <ClInclude Include="Source\Core\Logging\LoggingManager.h">
      <Filter>Source</Filter>
    </ClInclude>
    <ClInclude Include="Source\Logging\Logging.h">
      <Filter>Source</Filter>
    </ClInclude>
    <ClInclude Include="Source\Rendering\BaseRenderPipeline.h">
      <Filter>Source</Filter>
    </ClInclude>
    <ClInclude Include="Source\Rendering\BufferBit.h">
      <Filter>Source</Filter>
    </ClInclude>
    <ClInclude Include="Source\Rendering\GraphicsContext.h">
      <Filter>Source</Filter>
    </ClInclude>
    <ClInclude Include="Source\Rendering\Platform\BaseTexture.h">
      <Filter>Source</Filter>
    </ClInclude>
    <ClInclude Include="Source\Rendering\Platform\Buffer\BufferCommon.h">
      <Filter>Source</Filter>
    </ClInclude>
    <ClInclude Include="Source\Rendering\Platform\Buffer\IndexBufferObject.h">
      <Filter>Source</Filter>
    </ClInclude>
    <ClInclude Include="Source\Rendering\Platform\Buffer\UniformBufferObject.h">
      <Filter>Source</Filter>
    </ClInclude>
    <ClInclude Include="Source\Rendering\Platform\Buffer\VertexArrayObject.h">
      <Filter>Source</Filter>
    </ClInclude>
    <ClInclude Include="Source\Rendering\Platform\Buffer\VertexBufferObject.h">
      <Filter>Source</Filter>
    </ClInclude>
    <ClInclude Include="Source\Rendering\Platform\Framebuffer.h">
      <Filter>Source</Filter>
    </ClInclude>
    <ClInclude Include="Source\Rendering\Platform\ImageFormat.h">
      <Filter>Source</Filter>
    </ClInclude>
    <ClInclude Include="Source\Rendering\Platform\Material.h">
      <Filter>Source</Filter>
    </ClInclude>
    <ClInclude Include="Source\Rendering\Platform\Mesh.h">
      <Filter>Source</Filter>
    </ClInclude>
    <ClInclude Include="Source\Rendering\Platform\Shader.h">
      <Filter>Source</Filter>
    </ClInclude>
    <ClInclude Include="Source\Rendering\Platform\Texture2D.h">
      <Filter>Source</Filter>
    </ClInclude>
    <ClInclude Include="Source\Rendering\Platform\TextureCubemap.h">
      <Filter>Source</Filter>
    </ClInclude>
    <ClInclude Include="Source\Rendering\RenderCommands.h">
      <Filter>Source</Filter>
    </ClInclude>
    <ClInclude Include="Source\Rendering\RenderManager.h">
      <Filter>Source</Filter>
    </ClInclude>
    <ClInclude Include="Source\Scene\Components\Native\BaseComponent.h">
      <Filter>Source</Filter>
    </ClInclude>
    <ClInclude Include="Source\Scene\Components\Native\BoundingBoxComponent.h">
      <Filter>Source</Filter>
    </ClInclude>
    <ClInclude Include="Source\Scene\Components\Native\CameraComponent.h">
      <Filter>Source</Filter>
    </ClInclude>
    <ClInclude Include="Source\Scene\Components\Native\Components.h">
      <Filter>Source</Filter>
    </ClInclude>
    <ClInclude Include="Source\Scene\Components\Native\DebugShapeManager.h">
      <Filter>Source</Filter>
    </ClInclude>
    <ClInclude Include="Source\Scene\Components\Native\MeshFilterComponent.h">
      <Filter>Source</Filter>
    </ClInclude>
    <ClInclude Include="Source\Scene\Components\Native\MeshRendererComponent.h">
      <Filter>Source</Filter>
    </ClInclude>
    <ClInclude Include="Source\Scene\Components\Native\NameComponent.h">
      <Filter>Source</Filter>
    </ClInclude>
    <ClInclude Include="Source\Scene\Components\Native\TransformComponent.h">
      <Filter>Source</Filter>
    </ClInclude>
    <ClInclude Include="Source\Scene\Entity.h">
      <Filter>Source</Filter>
    </ClInclude>
    <ClInclude Include="Source\Scene\Scene.h">
      <Filter>Source</Filter>
    </ClInclude>
    <ClInclude Include="Source\UI\ComponentUI\CameraUI_ImGui.h">
      <Filter>Source</Filter>
    </ClInclude>
    <ClInclude Include="Source\UI\ComponentUI\DebugShapeManagerUI_ImGui.h">
      <Filter>Source</Filter>
    </ClInclude>
    <ClInclude Include="Source\UI\ComponentUI\MeshFilterUI_ImGui.h">
      <Filter>Source</Filter>
    </ClInclude>
    <ClInclude Include="Source\UI\ComponentUI\MeshRendererUI_ImGui.h">
      <Filter>Source</Filter>
    </ClInclude>
    <ClInclude Include="Source\UI\ComponentUI\TransformUI_ImGui.h">
      <Filter>Source</Filter>
    </ClInclude>
    <ClInclude Include="Source\UI\EntityPropertiesUI_ImGui.h">
      <Filter>Source</Filter>
    </ClInclude>
    <ClInclude Include="Source\UI\MaterialUI_ImGui.h">
      <Filter>Source</Filter>
    </ClInclude>
    <ClInclude Include="Source\UI\SceneHeirarchyUI_ImGui.h">
      <Filter>Source</Filter>
    </ClInclude>
    <ClInclude Include="Source\UI\UIUtil.h">
      <Filter>Source</Filter>
    </ClInclude>
    <ClInclude Include="Source\UI\WindowInfoUI_ImGui.h">
      <Filter>Source</Filter>
    </ClInclude>
    <ClInclude Include="Source\Util\EventSystem\Event.h">
      <Filter>Source</Filter>
    </ClInclude>
    <ClInclude Include="Source\Util\EventSystem\EventDispatcher.h">
      <Filter>Source</Filter>
    </ClInclude>
    <ClInclude Include="Source\Util\FileIO.h">
      <Filter>Source</Filter>
    </ClInclude>
    <ClInclude Include="Source\Util\FlagSet.h">
      <Filter>Source</Filter>
    </ClInclude>
    <ClInclude Include="Source\Util\Math\Transform.h">
      <Filter>Source</Filter>
    </ClInclude>
    <ClInclude Include="Source\Util\Mesh\GltfIO.h">
      <Filter>Source</Filter>
    </ClInclude>
    <ClInclude Include="Source\Scene\AssetBank.h" />
    <ClInclude Include="Source\Scene\Asset.h" />
    <ClInclude Include="Source\Scene\Assets\ShaderAsset.h" />
    <ClInclude Include="Source\Scene\Assets\TextureAsset.h" />
    <ClInclude Include="Source\Scene\Assets\MaterialAsset.h" />
    <ClInclude Include="Source\Scene\AssetRef.h" />
    <ClInclude Include="Source\Util\Serializers\MathSerializer.h" />
    <ClInclude Include="Source\Util\Serializers\ComponentSerializer.h" />
    <ClInclude Include="Source\Util\Serializers\FramebufferSerializer.h" />
    <ClInclude Include="Source\Util\Serializers\FlagSetSerializer.h" />
    <ClInclude Include="Source\Scene\AssetTypes.h" />
    <ClInclude Include="Source\Util\Serializers\UniformSerializer.h" />
    <ClInclude Include="Source\Scene\Assets\MeshAsset.h" />
    <ClInclude Include="Source\Scene\Project.h" />
    <ClInclude Include="Source\Scene\AssetUtils.h" />
    <ClInclude Include="Source\Scene\Assets\SceneAsset.h" />
  </ItemGroup>
  <ItemGroup>
    <ClCompile Include="Source\Core\Application\Root.cpp">
      <Filter>Source</Filter>
    </ClCompile>
    <ClCompile Include="Source\Core\Application\Window.cpp">
      <Filter>Source</Filter>
    </ClCompile>
    <ClCompile Include="Source\Core\Input\InputSystem.cpp">
      <Filter>Source</Filter>
    </ClCompile>
    <ClCompile Include="Source\Core\Logging\LoggingManager.cpp">
      <Filter>Source</Filter>
    </ClCompile>
    <ClCompile Include="Source\Rendering\Platform\BaseTexture.cpp">
      <Filter>Source</Filter>
    </ClCompile>
    <ClCompile Include="Source\Rendering\Platform\Buffer\IndexBufferObject.cpp">
      <Filter>Source</Filter>
    </ClCompile>
    <ClCompile Include="Source\Rendering\Platform\Buffer\UniformBufferObject.cpp">
      <Filter>Source</Filter>
    </ClCompile>
    <ClCompile Include="Source\Rendering\Platform\Buffer\VertexArrayObject.cpp">
      <Filter>Source</Filter>
    </ClCompile>
    <ClCompile Include="Source\Rendering\Platform\Buffer\VertexBufferObject.cpp">
      <Filter>Source</Filter>
    </ClCompile>
    <ClCompile Include="Source\Rendering\Platform\Framebuffer.cpp">
      <Filter>Source</Filter>
    </ClCompile>
    <ClCompile Include="Source\Rendering\Platform\ImageFormat.cpp">
      <Filter>Source</Filter>
    </ClCompile>
    <ClCompile Include="Source\Rendering\Platform\Material.cpp">
      <Filter>Source</Filter>
    </ClCompile>
    <ClCompile Include="Source\Rendering\Platform\Mesh.cpp">
      <Filter>Source</Filter>
    </ClCompile>
    <ClCompile Include="Source\Rendering\Platform\Shader.cpp">
      <Filter>Source</Filter>
    </ClCompile>
    <ClCompile Include="Source\Rendering\Platform\Texture2D.cpp">
      <Filter>Source</Filter>
    </ClCompile>
    <ClCompile Include="Source\Rendering\Platform\TextureCubemap.cpp">
      <Filter>Source</Filter>
    </ClCompile>
    <ClCompile Include="Source\Rendering\RenderCommands.cpp">
      <Filter>Source</Filter>
    </ClCompile>
    <ClCompile Include="Source\Rendering\RenderManager.cpp">
      <Filter>Source</Filter>
    </ClCompile>
    <ClCompile Include="Source\Scene\Components\Native\DebugShapeManager.cpp">
      <Filter>Source</Filter>
    </ClCompile>
    <ClCompile Include="Source\Scene\Components\Native\MeshRendererComponent.cpp">
      <Filter>Source</Filter>
    </ClCompile>
    <ClCompile Include="Source\Scene\Scene.cpp">
      <Filter>Source</Filter>
    </ClCompile>
    <ClCompile Include="Source\UI\MaterialUI_ImGui.cpp">
      <Filter>Source</Filter>
    </ClCompile>
    <ClCompile Include="Source\Util\Mesh\GltfIO.cpp">
      <Filter>Source</Filter>
    </ClCompile>
    <ClCompile Include="Source\Scene\AssetBank.cpp" />
    <ClCompile Include="Source\Scene\AssetRef.cpp" />
    <ClCompile Include="Source\Scene\AssetUtils.cpp" />
    <ClCompile Include="Source\Scene\Assets\MaterialAsset.cpp" />
  </ItemGroup>
</Project>